
Microsoft Visual Studio Solution File, Format Version 12.00
# Visual Studio Version 17
VisualStudioVersion = 17.8.34525.116
MinimumVisualStudioVersion = 10.0.40219.1
Project("{FAE04EC0-301F-11D3-BF4B-00C04F79EFBC}") = "Library.Data", "Library.Data.csproj", "{53994BA4-5443-447A-A1F7-A5C9B57EF2C6}"
EndProject
Project("{FAE04EC0-301F-11D3-BF4B-00C04F79EFBC}") = "Library.Entities", "..\Library.Entities\Library.Entities.csproj", "{C8C67BEB-9312-4714-BAD4-CA3EBE62BA62}"
EndProject
Project("{FAE04EC0-301F-11D3-BF4B-00C04F79EFBC}") = "Library.Data.Contracts", "..\Library.Data.Contracts\Library.Data.Contracts.csproj", "{95F48122-5AAE-416D-B360-87BD9C27A819}"
EndProject
Project("{FAE04EC0-301F-11D3-BF4B-00C04F79EFBC}") = "CommonUtility", "..\CommonUtility\CommonUtility.csproj", "{853AA046-673F-479B-BB1D-C7514BC361F1}"
EndProject
Project("{FAE04EC0-301F-11D3-BF4B-00C04F79EFBC}") = "Library.Data.Container", "..\Library.Data.Container\Library.Data.Container.csproj", "{91AA206B-8540-42AC-AEC8-D932B369B347}"
EndProject
Project("{2150E333-8FDC-42A3-9474-1A3956D46DE8}") = "Data", "Data", "{C13FB3DE-911F-4439-A56E-7E642E7CB897}"
EndProject
Project("{2150E333-8FDC-42A3-9474-1A3956D46DE8}") = "Utils", "Utils", "{7064EA09-9F12-41F5-9878-5CA1CE12DF08}"
EndProject
Project("{2150E333-8FDC-42A3-9474-1A3956D46DE8}") = "BusinessRules", "BusinessRules", "{A509C1CD-0B88-472D-A89F-5BC9D3E413C0}"
EndProject
Project("{FAE04EC0-301F-11D3-BF4B-00C04F79EFBC}") = "Library.Access", "..\Library.Access\Library.Access.csproj", "{A7DC64E2-1AE6-4269-98AD-A471DE8D5CE7}"
EndProject
Project("{FAE04EC0-301F-11D3-BF4B-00C04F79EFBC}") = "Library.Bussiness.Contracts", "..\Library.Bussiness.Contracts\Library.Bussiness.Contracts.csproj", "{52005BAC-F28B-469A-8E6F-B14AF2AFC111}"
EndProject
Project("{FAE04EC0-301F-11D3-BF4B-00C04F79EFBC}") = "Library.Business.Container", "..\Library.Business.Container\Library.Business.Container.csproj", "{49A8DBFD-4CFE-4977-B59A-E948E22AEA3A}"
EndProject
Project("{2150E333-8FDC-42A3-9474-1A3956D46DE8}") = "App", "App", "{A5885367-075B-485A-BD87-67A1E3D80F49}"
EndProject
Project("{FAE04EC0-301F-11D3-BF4B-00C04F79EFBC}") = "Library.WebApp", "..\Library.WebApp\Library.WebApp.csproj", "{DF32245A-067F-4A87-85BE-B592DB3DFBB7}"
EndProject
Project("{FAE04EC0-301F-11D3-BF4B-00C04F79EFBC}") = "LibaryApi", "..\LibaryApi\LibaryApi.csproj", "{2CD17ADF-F860-4EDB-87BE-A0E7BC9921F0}"
EndProject
Project("{9A19103F-16F7-4668-BE54-9A1E7A4F7556}") = "CommonUtilityCore", "..\CommonUtilityCore\CommonUtilityCore.csproj", "{283A79E3-7A78-4F42-BE77-4D62940F2876}"
EndProject
Project("{2150E333-8FDC-42A3-9474-1A3956D46DE8}") = "NetFramework", "NetFramework", "{2EAD450D-98F9-4FBF-8A7B-70699227C7C8}"
EndProject
Project("{2150E333-8FDC-42A3-9474-1A3956D46DE8}") = "NetCore", "NetCore", "{B1E9DC78-E82C-4391-B10D-47778738DF18}"
EndProject
Project("{2150E333-8FDC-42A3-9474-1A3956D46DE8}") = "Utils", "Utils", "{72DD7F77-4616-416D-ABE2-83F8889C0549}"
EndProject
Project("{2150E333-8FDC-42A3-9474-1A3956D46DE8}") = "Data", "Data", "{15F24471-8DD6-42D1-B406-A25C0472DBF1}"
EndProject
Project("{9A19103F-16F7-4668-BE54-9A1E7A4F7556}") = "Library.EntitiesCore", "..\Library.EntitiesCore\Library.EntitiesCore.csproj", "{C6B5EC79-49CD-4643-A638-9EF7D0CD72F2}"
EndProject
Project("{9A19103F-16F7-4668-BE54-9A1E7A4F7556}") = "Library.Data.ContractsCore", "..\Library.Data.ContractsCore\Library.Data.ContractsCore.csproj", "{5C43842E-B8E6-435D-8F4D-E5D963EDCC5D}"
EndProject
Project("{9A19103F-16F7-4668-BE54-9A1E7A4F7556}") = "Library.DataCore", "..\Library.DataCore\Library.DataCore.csproj", "{B7D81811-B0CC-4BC5-AD87-2F2D52590778}"
EndProject
Project("{9A19103F-16F7-4668-BE54-9A1E7A4F7556}") = "Library.Data.ContainerCore", "..\Library.Data.ContainerCore\Library.Data.ContainerCore.csproj", "{4F55C1EE-BB41-404C-B917-9FFA038B6159}"
EndProject
Project("{2150E333-8FDC-42A3-9474-1A3956D46DE8}") = "BusinessRules", "BusinessRules", "{EDCFF03A-68DA-495F-9CA5-B3A1AB058E71}"
EndProject
Project("{9A19103F-16F7-4668-BE54-9A1E7A4F7556}") = "Library.Bussiness.ContractsCore", "..\Library.Bussiness.ContractsCore\Library.Bussiness.ContractsCore.csproj", "{935D47E3-6A21-4F14-BB5A-128C90AEF9B9}"
EndProject
Project("{9A19103F-16F7-4668-BE54-9A1E7A4F7556}") = "Library.AccessCore", "..\Library.AccessCore\Library.AccessCore.csproj", "{983613D8-B0E8-40EF-BBD5-7862C709886E}"
EndProject
Project("{9A19103F-16F7-4668-BE54-9A1E7A4F7556}") = "Library.Business.ContainerCore", "..\Library.Business.ContainerCore\Library.Business.ContainerCore.csproj", "{0FF16DD9-2B92-4051-A728-55BF2C1020DA}"
EndProject
Global
	GlobalSection(SolutionConfigurationPlatforms) = preSolution
		Debug|Any CPU = Debug|Any CPU
		Release|Any CPU = Release|Any CPU
	EndGlobalSection
	GlobalSection(ProjectConfigurationPlatforms) = postSolution
		{53994BA4-5443-447A-A1F7-A5C9B57EF2C6}.Debug|Any CPU.ActiveCfg = Debug|Any CPU
		{53994BA4-5443-447A-A1F7-A5C9B57EF2C6}.Debug|Any CPU.Build.0 = Debug|Any CPU
		{53994BA4-5443-447A-A1F7-A5C9B57EF2C6}.Release|Any CPU.ActiveCfg = Release|Any CPU
		{53994BA4-5443-447A-A1F7-A5C9B57EF2C6}.Release|Any CPU.Build.0 = Release|Any CPU
		{C8C67BEB-9312-4714-BAD4-CA3EBE62BA62}.Debug|Any CPU.ActiveCfg = Debug|Any CPU
		{C8C67BEB-9312-4714-BAD4-CA3EBE62BA62}.Debug|Any CPU.Build.0 = Debug|Any CPU
		{C8C67BEB-9312-4714-BAD4-CA3EBE62BA62}.Release|Any CPU.ActiveCfg = Release|Any CPU
		{C8C67BEB-9312-4714-BAD4-CA3EBE62BA62}.Release|Any CPU.Build.0 = Release|Any CPU
		{95F48122-5AAE-416D-B360-87BD9C27A819}.Debug|Any CPU.ActiveCfg = Debug|Any CPU
		{95F48122-5AAE-416D-B360-87BD9C27A819}.Debug|Any CPU.Build.0 = Debug|Any CPU
		{95F48122-5AAE-416D-B360-87BD9C27A819}.Release|Any CPU.ActiveCfg = Release|Any CPU
		{95F48122-5AAE-416D-B360-87BD9C27A819}.Release|Any CPU.Build.0 = Release|Any CPU
		{853AA046-673F-479B-BB1D-C7514BC361F1}.Debug|Any CPU.ActiveCfg = Debug|Any CPU
		{853AA046-673F-479B-BB1D-C7514BC361F1}.Debug|Any CPU.Build.0 = Debug|Any CPU
		{853AA046-673F-479B-BB1D-C7514BC361F1}.Release|Any CPU.ActiveCfg = Release|Any CPU
		{853AA046-673F-479B-BB1D-C7514BC361F1}.Release|Any CPU.Build.0 = Release|Any CPU
		{91AA206B-8540-42AC-AEC8-D932B369B347}.Debug|Any CPU.ActiveCfg = Debug|Any CPU
		{91AA206B-8540-42AC-AEC8-D932B369B347}.Debug|Any CPU.Build.0 = Debug|Any CPU
		{91AA206B-8540-42AC-AEC8-D932B369B347}.Release|Any CPU.ActiveCfg = Release|Any CPU
		{91AA206B-8540-42AC-AEC8-D932B369B347}.Release|Any CPU.Build.0 = Release|Any CPU
		{A7DC64E2-1AE6-4269-98AD-A471DE8D5CE7}.Debug|Any CPU.ActiveCfg = Debug|Any CPU
		{A7DC64E2-1AE6-4269-98AD-A471DE8D5CE7}.Debug|Any CPU.Build.0 = Debug|Any CPU
		{A7DC64E2-1AE6-4269-98AD-A471DE8D5CE7}.Release|Any CPU.ActiveCfg = Release|Any CPU
		{A7DC64E2-1AE6-4269-98AD-A471DE8D5CE7}.Release|Any CPU.Build.0 = Release|Any CPU
		{52005BAC-F28B-469A-8E6F-B14AF2AFC111}.Debug|Any CPU.ActiveCfg = Debug|Any CPU
		{52005BAC-F28B-469A-8E6F-B14AF2AFC111}.Debug|Any CPU.Build.0 = Debug|Any CPU
		{52005BAC-F28B-469A-8E6F-B14AF2AFC111}.Release|Any CPU.ActiveCfg = Release|Any CPU
		{52005BAC-F28B-469A-8E6F-B14AF2AFC111}.Release|Any CPU.Build.0 = Release|Any CPU
		{49A8DBFD-4CFE-4977-B59A-E948E22AEA3A}.Debug|Any CPU.ActiveCfg = Debug|Any CPU
		{49A8DBFD-4CFE-4977-B59A-E948E22AEA3A}.Debug|Any CPU.Build.0 = Debug|Any CPU
		{49A8DBFD-4CFE-4977-B59A-E948E22AEA3A}.Release|Any CPU.ActiveCfg = Release|Any CPU
		{49A8DBFD-4CFE-4977-B59A-E948E22AEA3A}.Release|Any CPU.Build.0 = Release|Any CPU
		{DF32245A-067F-4A87-85BE-B592DB3DFBB7}.Debug|Any CPU.ActiveCfg = Debug|Any CPU
		{DF32245A-067F-4A87-85BE-B592DB3DFBB7}.Debug|Any CPU.Build.0 = Debug|Any CPU
		{DF32245A-067F-4A87-85BE-B592DB3DFBB7}.Release|Any CPU.ActiveCfg = Release|Any CPU
		{DF32245A-067F-4A87-85BE-B592DB3DFBB7}.Release|Any CPU.Build.0 = Release|Any CPU
		{2CD17ADF-F860-4EDB-87BE-A0E7BC9921F0}.Debug|Any CPU.ActiveCfg = Debug|Any CPU
		{2CD17ADF-F860-4EDB-87BE-A0E7BC9921F0}.Debug|Any CPU.Build.0 = Debug|Any CPU
		{2CD17ADF-F860-4EDB-87BE-A0E7BC9921F0}.Release|Any CPU.ActiveCfg = Release|Any CPU
		{2CD17ADF-F860-4EDB-87BE-A0E7BC9921F0}.Release|Any CPU.Build.0 = Release|Any CPU
		{283A79E3-7A78-4F42-BE77-4D62940F2876}.Debug|Any CPU.ActiveCfg = Debug|Any CPU
		{283A79E3-7A78-4F42-BE77-4D62940F2876}.Debug|Any CPU.Build.0 = Debug|Any CPU
		{283A79E3-7A78-4F42-BE77-4D62940F2876}.Release|Any CPU.ActiveCfg = Release|Any CPU
		{283A79E3-7A78-4F42-BE77-4D62940F2876}.Release|Any CPU.Build.0 = Release|Any CPU
		{C6B5EC79-49CD-4643-A638-9EF7D0CD72F2}.Debug|Any CPU.ActiveCfg = Debug|Any CPU
		{C6B5EC79-49CD-4643-A638-9EF7D0CD72F2}.Debug|Any CPU.Build.0 = Debug|Any CPU
		{C6B5EC79-49CD-4643-A638-9EF7D0CD72F2}.Release|Any CPU.ActiveCfg = Release|Any CPU
		{C6B5EC79-49CD-4643-A638-9EF7D0CD72F2}.Release|Any CPU.Build.0 = Release|Any CPU
		{5C43842E-B8E6-435D-8F4D-E5D963EDCC5D}.Debug|Any CPU.ActiveCfg = Debug|Any CPU
		{5C43842E-B8E6-435D-8F4D-E5D963EDCC5D}.Debug|Any CPU.Build.0 = Debug|Any CPU
		{5C43842E-B8E6-435D-8F4D-E5D963EDCC5D}.Release|Any CPU.ActiveCfg = Release|Any CPU
		{5C43842E-B8E6-435D-8F4D-E5D963EDCC5D}.Release|Any CPU.Build.0 = Release|Any CPU
		{B7D81811-B0CC-4BC5-AD87-2F2D52590778}.Debug|Any CPU.ActiveCfg = Debug|Any CPU
		{B7D81811-B0CC-4BC5-AD87-2F2D52590778}.Debug|Any CPU.Build.0 = Debug|Any CPU
		{B7D81811-B0CC-4BC5-AD87-2F2D52590778}.Release|Any CPU.ActiveCfg = Release|Any CPU
		{B7D81811-B0CC-4BC5-AD87-2F2D52590778}.Release|Any CPU.Build.0 = Release|Any CPU
		{4F55C1EE-BB41-404C-B917-9FFA038B6159}.Debug|Any CPU.ActiveCfg = Debug|Any CPU
		{4F55C1EE-BB41-404C-B917-9FFA038B6159}.Debug|Any CPU.Build.0 = Debug|Any CPU
		{4F55C1EE-BB41-404C-B917-9FFA038B6159}.Release|Any CPU.ActiveCfg = Release|Any CPU
		{4F55C1EE-BB41-404C-B917-9FFA038B6159}.Release|Any CPU.Build.0 = Release|Any CPU
		{935D47E3-6A21-4F14-BB5A-128C90AEF9B9}.Debug|Any CPU.ActiveCfg = Debug|Any CPU
		{935D47E3-6A21-4F14-BB5A-128C90AEF9B9}.Debug|Any CPU.Build.0 = Debug|Any CPU
		{935D47E3-6A21-4F14-BB5A-128C90AEF9B9}.Release|Any CPU.ActiveCfg = Release|Any CPU
		{935D47E3-6A21-4F14-BB5A-128C90AEF9B9}.Release|Any CPU.Build.0 = Release|Any CPU
		{983613D8-B0E8-40EF-BBD5-7862C709886E}.Debug|Any CPU.ActiveCfg = Debug|Any CPU
		{983613D8-B0E8-40EF-BBD5-7862C709886E}.Debug|Any CPU.Build.0 = Debug|Any CPU
		{983613D8-B0E8-40EF-BBD5-7862C709886E}.Release|Any CPU.ActiveCfg = Release|Any CPU
		{983613D8-B0E8-40EF-BBD5-7862C709886E}.Release|Any CPU.Build.0 = Release|Any CPU
		{0FF16DD9-2B92-4051-A728-55BF2C1020DA}.Debug|Any CPU.ActiveCfg = Debug|Any CPU
		{0FF16DD9-2B92-4051-A728-55BF2C1020DA}.Debug|Any CPU.Build.0 = Debug|Any CPU
		{0FF16DD9-2B92-4051-A728-55BF2C1020DA}.Release|Any CPU.ActiveCfg = Release|Any CPU
		{0FF16DD9-2B92-4051-A728-55BF2C1020DA}.Release|Any CPU.Build.0 = Release|Any CPU
	EndGlobalSection
	GlobalSection(SolutionProperties) = preSolution
		HideSolutionNode = FALSE
	EndGlobalSection
	GlobalSection(NestedProjects) = preSolution
		{53994BA4-5443-447A-A1F7-A5C9B57EF2C6} = {C13FB3DE-911F-4439-A56E-7E642E7CB897}
		{C8C67BEB-9312-4714-BAD4-CA3EBE62BA62} = {C13FB3DE-911F-4439-A56E-7E642E7CB897}
		{95F48122-5AAE-416D-B360-87BD9C27A819} = {C13FB3DE-911F-4439-A56E-7E642E7CB897}
		{853AA046-673F-479B-BB1D-C7514BC361F1} = {7064EA09-9F12-41F5-9878-5CA1CE12DF08}
		{91AA206B-8540-42AC-AEC8-D932B369B347} = {C13FB3DE-911F-4439-A56E-7E642E7CB897}
		{C13FB3DE-911F-4439-A56E-7E642E7CB897} = {2EAD450D-98F9-4FBF-8A7B-70699227C7C8}
		{7064EA09-9F12-41F5-9878-5CA1CE12DF08} = {2EAD450D-98F9-4FBF-8A7B-70699227C7C8}
		{A509C1CD-0B88-472D-A89F-5BC9D3E413C0} = {2EAD450D-98F9-4FBF-8A7B-70699227C7C8}
		{A7DC64E2-1AE6-4269-98AD-A471DE8D5CE7} = {A509C1CD-0B88-472D-A89F-5BC9D3E413C0}
		{52005BAC-F28B-469A-8E6F-B14AF2AFC111} = {A509C1CD-0B88-472D-A89F-5BC9D3E413C0}
		{49A8DBFD-4CFE-4977-B59A-E948E22AEA3A} = {A509C1CD-0B88-472D-A89F-5BC9D3E413C0}
		{DF32245A-067F-4A87-85BE-B592DB3DFBB7} = {A5885367-075B-485A-BD87-67A1E3D80F49}
		{2CD17ADF-F860-4EDB-87BE-A0E7BC9921F0} = {A5885367-075B-485A-BD87-67A1E3D80F49}
		{283A79E3-7A78-4F42-BE77-4D62940F2876} = {72DD7F77-4616-416D-ABE2-83F8889C0549}
		{72DD7F77-4616-416D-ABE2-83F8889C0549} = {B1E9DC78-E82C-4391-B10D-47778738DF18}
		{15F24471-8DD6-42D1-B406-A25C0472DBF1} = {B1E9DC78-E82C-4391-B10D-47778738DF18}
		{C6B5EC79-49CD-4643-A638-9EF7D0CD72F2} = {15F24471-8DD6-42D1-B406-A25C0472DBF1}
		{5C43842E-B8E6-435D-8F4D-E5D963EDCC5D} = {15F24471-8DD6-42D1-B406-A25C0472DBF1}
		{B7D81811-B0CC-4BC5-AD87-2F2D52590778} = {15F24471-8DD6-42D1-B406-A25C0472DBF1}
		{4F55C1EE-BB41-404C-B917-9FFA038B6159} = {15F24471-8DD6-42D1-B406-A25C0472DBF1}
		{EDCFF03A-68DA-495F-9CA5-B3A1AB058E71} = {B1E9DC78-E82C-4391-B10D-47778738DF18}
		{935D47E3-6A21-4F14-BB5A-128C90AEF9B9} = {EDCFF03A-68DA-495F-9CA5-B3A1AB058E71}
		{983613D8-B0E8-40EF-BBD5-7862C709886E} = {EDCFF03A-68DA-495F-9CA5-B3A1AB058E71}
		{0FF16DD9-2B92-4051-A728-55BF2C1020DA} = {EDCFF03A-68DA-495F-9CA5-B3A1AB058E71}
	EndGlobalSection
	GlobalSection(ExtensibilityGlobals) = postSolution
		SolutionGuid = {CB811BEA-555F-4CE6-A817-0FA879D140F1}
	EndGlobalSection
EndGlobal
